
Microsoft Visual Studio Solution File, Format Version 12.00
# Visual Studio 15
VisualStudioVersion = 15.0.28307.271
MinimumVisualStudioVersion = 10.0.40219.1
Project("{FAE04EC0-301F-11D3-BF4B-00C04F79EFBC}") = "Coffy", "Coffy\Coffy.csproj", "{3DDEB9F0-8495-45C2-9367-60089E79B169}"
EndProject
Global
	GlobalSection(SolutionConfigurationPlatforms) = preSolution
		Debug|Any CPU = Debug|Any CPU
		Release|Any CPU = Release|Any CPU
	EndGlobalSection
	GlobalSection(ProjectConfigurationPlatforms) = postSolution
		{3DDEB9F0-8495-45C2-9367-60089E79B169}.Debug|Any CPU.ActiveCfg = Debug|Any CPU
		{3DDEB9F0-8495-45C2-9367-60089E79B169}.Debug|Any CPU.Build.0 = Debug|Any CPU
		{3DDEB9F0-8495-45C2-9367-60089E79B169}.Release|Any CPU.ActiveCfg = Release|Any CPU
		{3DDEB9F0-8495-45C2-9367-60089E79B169}.Release|Any CPU.Build.0 = Release|Any CPU
	EndGlobalSection
	GlobalSection(SolutionProperties) = preSolution
		HideSolutionNode = FALSE
	EndGlobalSection
	GlobalSection(ExtensibilityGlobals) = postSolution
		SolutionGuid = {1F63510A-DA92-4AD5-97BE-DC97A0C0BA9C}
	EndGlobalSection
EndGlobal
